
Microsoft Visual Studio Solution File, Format Version 12.00
# Visual Studio Version 16
VisualStudioVersion = 16.0.29102.190
MinimumVisualStudioVersion = 10.0.40219.1
Project("{9A19103F-16F7-4668-BE54-9A1E7A4F7556}") = "T. H. U. M. P .S Bot", "The H. U. M. P .S Bot\T. H. U. M. P .S Bot.csproj", "{2B3F78EE-1730-490B-B641-214B774D958F}"
EndProject
Global
	GlobalSection(SolutionConfigurationPlatforms) = preSolution
		Debug|Any CPU = Debug|Any CPU
		Release|Any CPU = Release|Any CPU
	EndGlobalSection
	GlobalSection(ProjectConfigurationPlatforms) = postSolution
		{2B3F78EE-1730-490B-B641-214B774D958F}.Debug|Any CPU.ActiveCfg = Debug|Any CPU
		{2B3F78EE-1730-490B-B641-214B774D958F}.Debug|Any CPU.Build.0 = Debug|Any CPU
		{2B3F78EE-1730-490B-B641-214B774D958F}.Release|Any CPU.ActiveCfg = Release|Any CPU
		{2B3F78EE-1730-490B-B641-214B774D958F}.Release|Any CPU.Build.0 = Release|Any CPU
		{AB3B85F1-CBCF-4692-86BD-2A9B2DD022D9}.Debug|Any CPU.ActiveCfg = Debug|Any CPU
		{AB3B85F1-CBCF-4692-86BD-2A9B2DD022D9}.Debug|Any CPU.Build.0 = Debug|Any CPU
		{AB3B85F1-CBCF-4692-86BD-2A9B2DD022D9}.Debug|Any CPU.Deploy.0 = Debug|Any CPU
		{AB3B85F1-CBCF-4692-86BD-2A9B2DD022D9}.Release|Any CPU.ActiveCfg = Release|Any CPU
		{AB3B85F1-CBCF-4692-86BD-2A9B2DD022D9}.Release|Any CPU.Build.0 = Release|Any CPU
		{AB3B85F1-CBCF-4692-86BD-2A9B2DD022D9}.Release|Any CPU.Deploy.0 = Release|Any CPU
	EndGlobalSection
	GlobalSection(SolutionProperties) = preSolution
		HideSolutionNode = FALSE
	EndGlobalSection
	GlobalSection(ExtensibilityGlobals) = postSolution
		SolutionGuid = {7F3DA465-6CA3-4740-8AA6-18CA29C0C082}
	EndGlobalSection
EndGlobal
